
Microsoft Visual Studio Solution File, Format Version 12.00
# Visual Studio Version 17
VisualStudioVersion = 17.9.34728.123
MinimumVisualStudioVersion = 10.0.40219.1
Project("{FAE04EC0-301F-11D3-BF4B-00C04F79EFBC}") = "NovelBloom", "NovelBloom\NovelBloom.csproj", "{2E6E141B-A1D3-44CB-8E48-E727C786B304}"
EndProject
Global
	GlobalSection(SolutionConfigurationPlatforms) = preSolution
		Debug|Any CPU = Debug|Any CPU
		Release|Any CPU = Release|Any CPU
	EndGlobalSection
	GlobalSection(ProjectConfigurationPlatforms) = postSolution
		{2E6E141B-A1D3-44CB-8E48-E727C786B304}.Debug|Any CPU.ActiveCfg = Debug|Any CPU
		{2E6E141B-A1D3-44CB-8E48-E727C786B304}.Debug|Any CPU.Build.0 = Debug|Any CPU
		{2E6E141B-A1D3-44CB-8E48-E727C786B304}.Debug|Any CPU.Deploy.0 = Debug|Any CPU
		{2E6E141B-A1D3-44CB-8E48-E727C786B304}.Release|Any CPU.ActiveCfg = Release|Any CPU
		{2E6E141B-A1D3-44CB-8E48-E727C786B304}.Release|Any CPU.Build.0 = Release|Any CPU
		{2E6E141B-A1D3-44CB-8E48-E727C786B304}.Release|Any CPU.Deploy.0 = Release|Any CPU
	EndGlobalSection
	GlobalSection(SolutionProperties) = preSolution
		HideSolutionNode = FALSE
	EndGlobalSection
	GlobalSection(ExtensibilityGlobals) = postSolution
		SolutionGuid = {253276D8-97B3-4CF4-B1C9-11793C5FDB20}
	EndGlobalSection
EndGlobal
